
Microsoft Visual Studio Solution File, Format Version 12.00
# Visual Studio 15
VisualStudioVersion = 15.0.28307.2017
MinimumVisualStudioVersion = 10.0.40219.1
Project("{8BC9CEB8-8B4A-11D0-8D11-00A0C91BC942}") = "Outline", "Outline\Outline.vcxproj", "{2C0C3A10-0FD6-48BF-9F6A-164F54BE82A7}"
	ProjectSection(ProjectDependencies) = postProject
		{A6059240-B208-42E1-97F5-381DE8075BF9} = {A6059240-B208-42E1-97F5-381DE8075BF9}
	EndProjectSection
EndProject
Project("{8BC9CEB8-8B4A-11D0-8D11-00A0C91BC942}") = "Declease", "Declease\Declease.vcxproj", "{F97C8486-46AF-4B06-82F3-08B507CD8BAA}"
	ProjectSection(ProjectDependencies) = postProject
		{A6059240-B208-42E1-97F5-381DE8075BF9} = {A6059240-B208-42E1-97F5-381DE8075BF9}
	EndProjectSection
EndProject
Project("{8BC9CEB8-8B4A-11D0-8D11-00A0C91BC942}") = "OutputMQO", "OutputMQO\OutputMQO.vcxproj", "{5BF362AA-BBAE-4A0E-9952-60ED4A40E893}"
	ProjectSection(ProjectDependencies) = postProject
		{A6059240-B208-42E1-97F5-381DE8075BF9} = {A6059240-B208-42E1-97F5-381DE8075BF9}
	EndProjectSection
EndProject
Project("{8BC9CEB8-8B4A-11D0-8D11-00A0C91BC942}") = "CommonLib", "CommonLib\CommonLib.vcxproj", "{A6059240-B208-42E1-97F5-381DE8075BF9}"
EndProject
Project("{FAE04EC0-301F-11D3-BF4B-00C04F79EFBC}") = "ToBMP", "ToBMP\ToBMP.csproj", "{17CE72FB-3E06-4C60-87B4-9221F727CC65}"
EndProject
Global
	GlobalSection(SolutionConfigurationPlatforms) = preSolution
		Debug|Any CPU = Debug|Any CPU
		Debug|x64 = Debug|x64
		Debug|x86 = Debug|x86
		Release|Any CPU = Release|Any CPU
		Release|x64 = Release|x64
		Release|x86 = Release|x86
	EndGlobalSection
	GlobalSection(ProjectConfigurationPlatforms) = postSolution
		{2C0C3A10-0FD6-48BF-9F6A-164F54BE82A7}.Debug|Any CPU.ActiveCfg = Debug|x64
		{2C0C3A10-0FD6-48BF-9F6A-164F54BE82A7}.Debug|Any CPU.Build.0 = Debug|x64
		{2C0C3A10-0FD6-48BF-9F6A-164F54BE82A7}.Debug|x64.ActiveCfg = Debug|x64
		{2C0C3A10-0FD6-48BF-9F6A-164F54BE82A7}.Debug|x64.Build.0 = Debug|x64
		{2C0C3A10-0FD6-48BF-9F6A-164F54BE82A7}.Debug|x86.ActiveCfg = Debug|Win32
		{2C0C3A10-0FD6-48BF-9F6A-164F54BE82A7}.Debug|x86.Build.0 = Debug|Win32
		{2C0C3A10-0FD6-48BF-9F6A-164F54BE82A7}.Release|Any CPU.ActiveCfg = Debug|x64
		{2C0C3A10-0FD6-48BF-9F6A-164F54BE82A7}.Release|Any CPU.Build.0 = Debug|x64
		{2C0C3A10-0FD6-48BF-9F6A-164F54BE82A7}.Release|x64.ActiveCfg = Release|x64
		{2C0C3A10-0FD6-48BF-9F6A-164F54BE82A7}.Release|x64.Build.0 = Release|x64
		{2C0C3A10-0FD6-48BF-9F6A-164F54BE82A7}.Release|x86.ActiveCfg = Release|Win32
		{2C0C3A10-0FD6-48BF-9F6A-164F54BE82A7}.Release|x86.Build.0 = Release|Win32
		{F97C8486-46AF-4B06-82F3-08B507CD8BAA}.Debug|Any CPU.ActiveCfg = Debug|x64
		{F97C8486-46AF-4B06-82F3-08B507CD8BAA}.Debug|Any CPU.Build.0 = Debug|x64
		{F97C8486-46AF-4B06-82F3-08B507CD8BAA}.Debug|x64.ActiveCfg = Debug|x64
		{F97C8486-46AF-4B06-82F3-08B507CD8BAA}.Debug|x64.Build.0 = Debug|x64
		{F97C8486-46AF-4B06-82F3-08B507CD8BAA}.Debug|x86.ActiveCfg = Debug|Win32
		{F97C8486-46AF-4B06-82F3-08B507CD8BAA}.Debug|x86.Build.0 = Debug|Win32
		{F97C8486-46AF-4B06-82F3-08B507CD8BAA}.Release|Any CPU.ActiveCfg = Debug|x64
		{F97C8486-46AF-4B06-82F3-08B507CD8BAA}.Release|Any CPU.Build.0 = Debug|x64
		{F97C8486-46AF-4B06-82F3-08B507CD8BAA}.Release|x64.ActiveCfg = Release|x64
		{F97C8486-46AF-4B06-82F3-08B507CD8BAA}.Release|x64.Build.0 = Release|x64
		{F97C8486-46AF-4B06-82F3-08B507CD8BAA}.Release|x86.ActiveCfg = Release|Win32
		{F97C8486-46AF-4B06-82F3-08B507CD8BAA}.Release|x86.Build.0 = Release|Win32
		{5BF362AA-BBAE-4A0E-9952-60ED4A40E893}.Debug|Any CPU.ActiveCfg = Debug|x64
		{5BF362AA-BBAE-4A0E-9952-60ED4A40E893}.Debug|Any CPU.Build.0 = Debug|x64
		{5BF362AA-BBAE-4A0E-9952-60ED4A40E893}.Debug|x64.ActiveCfg = Debug|x64
		{5BF362AA-BBAE-4A0E-9952-60ED4A40E893}.Debug|x64.Build.0 = Debug|x64
		{5BF362AA-BBAE-4A0E-9952-60ED4A40E893}.Debug|x86.ActiveCfg = Debug|Win32
		{5BF362AA-BBAE-4A0E-9952-60ED4A40E893}.Debug|x86.Build.0 = Debug|Win32
		{5BF362AA-BBAE-4A0E-9952-60ED4A40E893}.Release|Any CPU.ActiveCfg = Debug|x64
		{5BF362AA-BBAE-4A0E-9952-60ED4A40E893}.Release|Any CPU.Build.0 = Debug|x64
		{5BF362AA-BBAE-4A0E-9952-60ED4A40E893}.Release|x64.ActiveCfg = Release|x64
		{5BF362AA-BBAE-4A0E-9952-60ED4A40E893}.Release|x64.Build.0 = Release|x64
		{5BF362AA-BBAE-4A0E-9952-60ED4A40E893}.Release|x86.ActiveCfg = Release|Win32
		{5BF362AA-BBAE-4A0E-9952-60ED4A40E893}.Release|x86.Build.0 = Release|Win32
		{A6059240-B208-42E1-97F5-381DE8075BF9}.Debug|Any CPU.ActiveCfg = Debug|x64
		{A6059240-B208-42E1-97F5-381DE8075BF9}.Debug|Any CPU.Build.0 = Debug|x64
		{A6059240-B208-42E1-97F5-381DE8075BF9}.Debug|x64.ActiveCfg = Debug|x64
		{A6059240-B208-42E1-97F5-381DE8075BF9}.Debug|x64.Build.0 = Debug|x64
		{A6059240-B208-42E1-97F5-381DE8075BF9}.Debug|x86.ActiveCfg = Debug|Win32
		{A6059240-B208-42E1-97F5-381DE8075BF9}.Debug|x86.Build.0 = Debug|Win32
		{A6059240-B208-42E1-97F5-381DE8075BF9}.Release|Any CPU.ActiveCfg = Debug|x64
		{A6059240-B208-42E1-97F5-381DE8075BF9}.Release|Any CPU.Build.0 = Debug|x64
		{A6059240-B208-42E1-97F5-381DE8075BF9}.Release|x64.ActiveCfg = Release|x64
		{A6059240-B208-42E1-97F5-381DE8075BF9}.Release|x64.Build.0 = Release|x64
		{A6059240-B208-42E1-97F5-381DE8075BF9}.Release|x86.ActiveCfg = Release|Win32
		{A6059240-B208-42E1-97F5-381DE8075BF9}.Release|x86.Build.0 = Release|Win32
		{17CE72FB-3E06-4C60-87B4-9221F727CC65}.Debug|Any CPU.ActiveCfg = Debug|Any CPU
		{17CE72FB-3E06-4C60-87B4-9221F727CC65}.Debug|Any CPU.Build.0 = Debug|Any CPU
		{17CE72FB-3E06-4C60-87B4-9221F727CC65}.Debug|x64.ActiveCfg = Debug|Any CPU
		{17CE72FB-3E06-4C60-87B4-9221F727CC65}.Debug|x64.Build.0 = Debug|Any CPU
		{17CE72FB-3E06-4C60-87B4-9221F727CC65}.Debug|x86.ActiveCfg = Debug|Any CPU
		{17CE72FB-3E06-4C60-87B4-9221F727CC65}.Debug|x86.Build.0 = Debug|Any CPU
		{17CE72FB-3E06-4C60-87B4-9221F727CC65}.Release|Any CPU.ActiveCfg = Debug|Any CPU
		{17CE72FB-3E06-4C60-87B4-9221F727CC65}.Release|Any CPU.Build.0 = Debug|Any CPU
		{17CE72FB-3E06-4C60-87B4-9221F727CC65}.Release|x64.ActiveCfg = Release|Any CPU
		{17CE72FB-3E06-4C60-87B4-9221F727CC65}.Release|x64.Build.0 = Release|Any CPU
		{17CE72FB-3E06-4C60-87B4-9221F727CC65}.Release|x86.ActiveCfg = Release|Any CPU
		{17CE72FB-3E06-4C60-87B4-9221F727CC65}.Release|x86.Build.0 = Release|Any CPU
	EndGlobalSection
	GlobalSection(SolutionProperties) = preSolution
		HideSolutionNode = FALSE
	EndGlobalSection
	GlobalSection(ExtensibilityGlobals) = postSolution
		SolutionGuid = {A98F7EE3-7200-4329-95A3-9E646F58F950}
	EndGlobalSection
EndGlobal
